{
  "name": "xy-excel-exporter",
  "version": "1.0.0",
  "lockfileVersion": 1,
  "requires": true,
  "dependencies": {
    "adler-32": {
      "version": "1.2.0",
      "resolved": "https://registry.npm.taobao.org/adler-32/download/adler-32-1.2.0.tgz",
      "integrity": "sha1-aj5r8KY5ALoVZSgIyxXGgT0aXyU=",
      "requires": {
        "exit-on-epipe": "~1.0.1",
        "printj": "~1.1.0"
      }
    },
    "archiver": {
      "version": "3.1.1",
      "resolved": "https://registry.npm.taobao.org/archiver/download/archiver-3.1.1.tgz",
      "integrity": "sha1-nbeBnU2vYK7BD+hrFsuSWM7WbqA=",
      "requires": {
        "archiver-utils": "^2.1.0",
        "async": "^2.6.3",
        "buffer-crc32": "^0.2.1",
        "glob": "^7.1.4",
        "readable-stream": "^3.4.0",
        "tar-stream": "^2.1.0",
        "zip-stream": "^2.1.2"
      }
    },
    "archiver-utils": {
      "version": "2.1.0",
      "resolved": "https://registry.npm.taobao.org/archiver-utils/download/archiver-utils-2.1.0.tgz",
      "integrity": "sha1-6KRg6UtpPD49oYKgmMpihbqSSeI=",
      "requires": {
        "glob": "^7.1.4",
        "graceful-fs": "^4.2.0",
        "lazystream": "^1.0.0",
        "lodash.defaults": "^4.2.0",
        "lodash.difference": "^4.5.0",
        "lodash.flatten": "^4.4.0",
        "lodash.isplainobject": "^4.0.6",
        "lodash.union": "^4.6.0",
        "normalize-path": "^3.0.0",
        "readable-stream": "^2.0.0"
      },
      "dependencies": {
        "readable-stream": {
          "version": "2.3.7",
          "resolved": "https://registry.npm.taobao.org/readable-stream/download/readable-stream-2.3.7.tgz",
          "integrity": "sha1-Hsoc9xGu+BTAT2IlKjamL2yyO1c=",
          "requires": {
            "core-util-is": "~1.0.0",
            "inherits": "~2.0.3",
            "isarray": "~1.0.0",
            "process-nextick-args": "~2.0.0",
            "safe-buffer": "~5.1.1",
            "string_decoder": "~1.1.1",
            "util-deprecate": "~1.0.1"
          }
        }
      }
    },
    "async": {
      "version": "2.6.3",
      "resolved": "https://registry.npm.taobao.org/async/download/async-2.6.3.tgz",
      "integrity": "sha1-1yYl4jRKNlbjo61Pp0n6gymdgv8=",
      "requires": {
        "lodash": "^4.17.14"
      }
    },
    "balanced-match": {
      "version": "1.0.0",
      "resolved": "https://registry.npm.taobao.org/balanced-match/download/balanced-match-1.0.0.tgz",
      "integrity": "sha1-ibTRmasr7kneFk6gK4nORi1xt2c="
    },
    "base64-js": {
      "version": "1.3.1",
      "resolved": "https://registry.npm.taobao.org/base64-js/download/base64-js-1.3.1.tgz",
      "integrity": "sha1-WOzoy3XdB+ce0IxzarxfrE2/jfE="
    },
    "bl": {
      "version": "3.0.0",
      "resolved": "https://registry.npm.taobao.org/bl/download/bl-3.0.0.tgz",
      "integrity": "sha1-NhHsAFef0YVhdUNgsh6feEUA/4g=",
      "requires": {
        "readable-stream": "^3.0.1"
      }
    },
    "brace-expansion": {
      "version": "1.1.11",
      "resolved": "https://registry.npm.taobao.org/brace-expansion/download/brace-expansion-1.1.11.tgz",
      "integrity": "sha1-PH/L9SnYcibz0vUrlm/1Jx60Qd0=",
      "requires": {
        "balanced-match": "^1.0.0",
        "concat-map": "0.0.1"
      }
    },
    "buffer": {
      "version": "5.4.3",
      "resolved": "https://registry.npm.taobao.org/buffer/download/buffer-5.4.3.tgz?cache=0&sync_timestamp=1573257183822&other_urls=https%3A%2F%2Fregistry.npm.taobao.org%2Fbuffer%2Fdownload%2Fbuffer-5.4.3.tgz",
      "integrity": "sha1-P7ycaetxPTI+P8Gole7gcQwHIRU=",
      "requires": {
        "base64-js": "^1.0.2",
        "ieee754": "^1.1.4"
      }
    },
    "buffer-crc32": {
      "version": "0.2.13",
      "resolved": "https://registry.npm.taobao.org/buffer-crc32/download/buffer-crc32-0.2.13.tgz",
      "integrity": "sha1-DTM+PwDqxQqhRUq9MO+MKl2ackI="
    },
    "cfb": {
      "version": "1.1.3",
      "resolved": "https://registry.npm.taobao.org/cfb/download/cfb-1.1.3.tgz",
      "integrity": "sha1-Bd5oFiWcjovDJxOrqQVgjuOF32Y=",
      "requires": {
        "adler-32": "~1.2.0",
        "commander": "^2.16.0",
        "crc-32": "~1.2.0",
        "printj": "~1.1.2"
      }
    },
    "codepage": {
      "version": "1.14.0",
      "resolved": "https://registry.npm.taobao.org/codepage/download/codepage-1.14.0.tgz",
      "integrity": "sha1-jL4lSBMjVZ19MHVxsP/5HnodL5k=",
      "requires": {
        "commander": "~2.14.1",
        "exit-on-epipe": "~1.0.1"
      },
      "dependencies": {
        "commander": {
          "version": "2.14.1",
          "resolved": "https://registry.npm.taobao.org/commander/download/commander-2.14.1.tgz",
          "integrity": "sha1-IjUSPjevjKPGXfRbAm29NXsBuao="
        }
      }
    },
    "commander": {
      "version": "2.17.1",
      "resolved": "https://registry.npm.taobao.org/commander/download/commander-2.17.1.tgz",
      "integrity": "sha1-vXerfebelCBc6sxy8XFtKfIKd78="
    },
    "compress-commons": {
      "version": "2.1.1",
      "resolved": "https://registry.npm.taobao.org/compress-commons/download/compress-commons-2.1.1.tgz?cache=0&sync_timestamp=1564787277684&other_urls=https%3A%2F%2Fregistry.npm.taobao.org%2Fcompress-commons%2Fdownload%2Fcompress-commons-2.1.1.tgz",
      "integrity": "sha1-lBDZpTTPhDXj+7t8bOSN4twvBhA=",
      "requires": {
        "buffer-crc32": "^0.2.13",
        "crc32-stream": "^3.0.1",
        "normalize-path": "^3.0.0",
        "readable-stream": "^2.3.6"
      },
      "dependencies": {
        "readable-stream": {
          "version": "2.3.7",
          "resolved": "https://registry.npm.taobao.org/readable-stream/download/readable-stream-2.3.7.tgz",
          "integrity": "sha1-Hsoc9xGu+BTAT2IlKjamL2yyO1c=",
          "requires": {
            "core-util-is": "~1.0.0",
            "inherits": "~2.0.3",
            "isarray": "~1.0.0",
            "process-nextick-args": "~2.0.0",
            "safe-buffer": "~5.1.1",
            "string_decoder": "~1.1.1",
            "util-deprecate": "~1.0.1"
          }
        }
      }
    },
    "concat-map": {
      "version": "0.0.1",
      "resolved": "https://registry.npm.taobao.org/concat-map/download/concat-map-0.0.1.tgz",
      "integrity": "sha1-2Klr13/Wjfd5OnMDajug1UBdR3s="
    },
    "core-util-is": {
      "version": "1.0.2",
      "resolved": "https://registry.npm.taobao.org/core-util-is/download/core-util-is-1.0.2.tgz",
      "integrity": "sha1-tf1UIgqivFq1eqtxQMlAdUUDwac="
    },
    "crc": {
      "version": "3.8.0",
      "resolved": "https://registry.npm.taobao.org/crc/download/crc-3.8.0.tgz",
      "integrity": "sha1-rWAmnCyFb4wpnixMwN5FVpFAVsY=",
      "requires": {
        "buffer": "^5.1.0"
      }
    },
    "crc-32": {
      "version": "1.2.0",
      "resolved": "https://registry.npm.taobao.org/crc-32/download/crc-32-1.2.0.tgz",
      "integrity": "sha1-yy224puIUI4y2d0OwWk+e0Ghggg=",
      "requires": {
        "exit-on-epipe": "~1.0.1",
        "printj": "~1.1.0"
      }
    },
    "crc32-stream": {
      "version": "3.0.1",
      "resolved": "https://registry.npm.taobao.org/crc32-stream/download/crc32-stream-3.0.1.tgz",
      "integrity": "sha1-yubu7QA7DkTXOdJ53lrmOxcbToU=",
      "requires": {
        "crc": "^3.4.4",
        "readable-stream": "^3.4.0"
      }
    },
    "end-of-stream": {
      "version": "1.4.4",
      "resolved": "https://registry.npm.taobao.org/end-of-stream/download/end-of-stream-1.4.4.tgz?cache=0&sync_timestamp=1569416367473&other_urls=https%3A%2F%2Fregistry.npm.taobao.org%2Fend-of-stream%2Fdownload%2Fend-of-stream-1.4.4.tgz",
      "integrity": "sha1-WuZKX0UFe682JuwU2gyl5LJDHrA=",
      "requires": {
        "once": "^1.4.0"
      }
    },
    "exit-on-epipe": {
      "version": "1.0.1",
      "resolved": "https://registry.npm.taobao.org/exit-on-epipe/download/exit-on-epipe-1.0.1.tgz",
      "integrity": "sha1-C92S6H1ShdJn2qgXHQ6wYVlolpI="
    },
    "frac": {
      "version": "1.1.2",
      "resolved": "https://registry.npm.taobao.org/frac/download/frac-1.1.2.tgz",
      "integrity": "sha1-PXT39keMiKG1AgMG10fcYxPHTQs="
    },
    "fs-constants": {
      "version": "1.0.0",
      "resolved": "https://registry.npm.taobao.org/fs-constants/download/fs-constants-1.0.0.tgz",
      "integrity": "sha1-a+Dem+mYzhavivwkSXue6bfM2a0="
    },
    "fs.realpath": {
      "version": "1.0.0",
      "resolved": "https://registry.npm.taobao.org/fs.realpath/download/fs.realpath-1.0.0.tgz",
      "integrity": "sha1-FQStJSMVjKpA20onh8sBQRmU6k8="
    },
    "glob": {
      "version": "7.1.6",
      "resolved": "https://registry.npm.taobao.org/glob/download/glob-7.1.6.tgz?cache=0&sync_timestamp=1573078079496&other_urls=https%3A%2F%2Fregistry.npm.taobao.org%2Fglob%2Fdownload%2Fglob-7.1.6.tgz",
      "integrity": "sha1-FB8zuBp8JJLhJVlDB0gMRmeSeKY=",
      "requires": {
        "fs.realpath": "^1.0.0",
        "inflight": "^1.0.4",
        "inherits": "2",
        "minimatch": "^3.0.4",
        "once": "^1.3.0",
        "path-is-absolute": "^1.0.0"
      }
    },
    "graceful-fs": {
      "version": "4.2.3",
      "resolved": "https://registry.npm.taobao.org/graceful-fs/download/graceful-fs-4.2.3.tgz",
      "integrity": "sha1-ShL/G2A3bvCYYsIJPt2Qgyi+hCM="
    },
    "ieee754": {
      "version": "1.1.13",
      "resolved": "https://registry.npm.taobao.org/ieee754/download/ieee754-1.1.13.tgz",
      "integrity": "sha1-7BaFWOlaoYH9h9N/VcMrvLZwi4Q="
    },
    "inflight": {
      "version": "1.0.6",
      "resolved": "https://registry.npm.taobao.org/inflight/download/inflight-1.0.6.tgz",
      "integrity": "sha1-Sb1jMdfQLQwJvJEKEHW6gWW1bfk=",
      "requires": {
        "once": "^1.3.0",
        "wrappy": "1"
      }
    },
    "inherits": {
      "version": "2.0.4",
      "resolved": "https://registry.npm.taobao.org/inherits/download/inherits-2.0.4.tgz",
      "integrity": "sha1-D6LGT5MpF8NDOg3tVTY6rjdBa3w="
    },
    "isarray": {
      "version": "1.0.0",
      "resolved": "https://registry.npm.taobao.org/isarray/download/isarray-1.0.0.tgz?cache=0&sync_timestamp=1562592096220&other_urls=https%3A%2F%2Fregistry.npm.taobao.org%2Fisarray%2Fdownload%2Fisarray-1.0.0.tgz",
      "integrity": "sha1-u5NdSFgsuhaMBoNJV6VKPgcSTxE="
    },
    "lazystream": {
      "version": "1.0.0",
      "resolved": "https://registry.npm.taobao.org/lazystream/download/lazystream-1.0.0.tgz",
      "integrity": "sha1-9plf4PggOS9hOWvolGJAe7dxaOQ=",
      "requires": {
        "readable-stream": "^2.0.5"
      },
      "dependencies": {
        "readable-stream": {
          "version": "2.3.7",
          "resolved": "https://registry.npm.taobao.org/readable-stream/download/readable-stream-2.3.7.tgz",
          "integrity": "sha1-Hsoc9xGu+BTAT2IlKjamL2yyO1c=",
          "requires": {
            "core-util-is": "~1.0.0",
            "inherits": "~2.0.3",
            "isarray": "~1.0.0",
            "process-nextick-args": "~2.0.0",
            "safe-buffer": "~5.1.1",
            "string_decoder": "~1.1.1",
            "util-deprecate": "~1.0.1"
          }
        }
      }
    },
    "lodash": {
      "version": "4.17.21",
      "resolved": "https://registry.npmjs.org/lodash/-/lodash-4.17.21.tgz",
      "integrity": "sha512-v2kDEe57lecTulaDIuNTPy3Ry4gLGJ6Z1O3vE1krgXZNrsQ+LFTGHVxVjcXPs17LhbZVGedAJv8XZ1tvj5FvSg=="
    },
    "lodash.defaults": {
      "version": "4.2.0",
      "resolved": "https://registry.npm.taobao.org/lodash.defaults/download/lodash.defaults-4.2.0.tgz",
      "integrity": "sha1-0JF4cW/+pN3p5ft7N/bwgCJ0WAw="
    },
    "lodash.difference": {
      "version": "4.5.0",
      "resolved": "https://registry.npm.taobao.org/lodash.difference/download/lodash.difference-4.5.0.tgz",
      "integrity": "sha1-nMtOUF1Ia5FlE0V3KIWi3yf9AXw="
    },
    "lodash.flatten": {
      "version": "4.4.0",
      "resolved": "https://registry.npm.taobao.org/lodash.flatten/download/lodash.flatten-4.4.0.tgz",
      "integrity": "sha1-8xwiIlqWMtK7+OSt2+8kCqdlph8="
    },
    "lodash.isplainobject": {
      "version": "4.0.6",
      "resolved": "https://registry.npm.taobao.org/lodash.isplainobject/download/lodash.isplainobject-4.0.6.tgz",
      "integrity": "sha1-fFJqUtibRcRcxpC4gWO+BJf1UMs="
    },
    "lodash.union": {
      "version": "4.6.0",
      "resolved": "https://registry.npm.taobao.org/lodash.union/download/lodash.union-4.6.0.tgz",
      "integrity": "sha1-SLtQiECfFvGCFmZkHETdGqrjzYg="
    },
    "lua-json": {
      "version": "1.0.0",
      "resolved": "https://registry.npm.taobao.org/lua-json/download/lua-json-1.0.0.tgz",
      "integrity": "sha1-kVsycUJmdKSRem0+b5eYj26Rdzk=",
      "requires": {
        "lodash": "^4.17.11",
        "luaparse": "^0.2.1"
      }
    },
    "luaparse": {
      "version": "0.2.1",
      "resolved": "https://registry.npm.taobao.org/luaparse/download/luaparse-0.2.1.tgz",
      "integrity": "sha1-qo9WEysN6X0388mRqd9C4OF/ZWw="
    },
    "minimatch": {
      "version": "3.0.4",
      "resolved": "https://registry.npm.taobao.org/minimatch/download/minimatch-3.0.4.tgz",
      "integrity": "sha1-UWbihkV/AzBgZL5Ul+jbsMPTIIM=",
      "requires": {
        "brace-expansion": "^1.1.7"
      }
    },
    "normalize-path": {
      "version": "3.0.0",
      "resolved": "https://registry.npm.taobao.org/normalize-path/download/normalize-path-3.0.0.tgz",
      "integrity": "sha1-Dc1p/yOhybEf0JeDFmRKA4ghamU="
    },
    "once": {
      "version": "1.4.0",
      "resolved": "https://registry.npm.taobao.org/once/download/once-1.4.0.tgz",
      "integrity": "sha1-WDsap3WWHUsROsF9nFC6753Xa9E=",
      "requires": {
        "wrappy": "1"
      }
    },
    "path-is-absolute": {
      "version": "1.0.1",
      "resolved": "https://registry.npm.taobao.org/path-is-absolute/download/path-is-absolute-1.0.1.tgz",
      "integrity": "sha1-F0uSaHNVNP+8es5r9TpanhtcX18="
    },
    "printj": {
      "version": "1.1.2",
      "resolved": "https://registry.npm.taobao.org/printj/download/printj-1.1.2.tgz",
      "integrity": "sha1-2Q3rKXWoufYA+zoclOP0xTx4oiI="
    },
    "process-nextick-args": {
      "version": "2.0.1",
      "resolved": "https://registry.npm.taobao.org/process-nextick-args/download/process-nextick-args-2.0.1.tgz",
      "integrity": "sha1-eCDZsWEgzFXKmud5JoCufbptf+I="
    },
    "readable-stream": {
      "version": "3.5.0",
      "resolved": "https://registry.npm.taobao.org/readable-stream/download/readable-stream-3.5.0.tgz",
      "integrity": "sha1-Rl1w5tEIf2Fi0HnNC123++v9FgY=",
      "requires": {
        "inherits": "^2.0.3",
        "string_decoder": "^1.1.1",
        "util-deprecate": "^1.0.1"
      }
    },
    "safe-buffer": {
      "version": "5.1.2",
      "resolved": "https://registry.npm.taobao.org/safe-buffer/download/safe-buffer-5.1.2.tgz",
      "integrity": "sha1-mR7GnSluAxN0fVm9/St0XDX4go0="
    },
    "ssf": {
      "version": "0.10.2",
      "resolved": "https://registry.npm.taobao.org/ssf/download/ssf-0.10.2.tgz",
      "integrity": "sha1-ZbK0/N/ZZ7yOg4OkE0kAmJMRWXY=",
      "requires": {
        "frac": "~1.1.2"
      }
    },
    "string_decoder": {
      "version": "1.1.1",
      "resolved": "https://registry.npm.taobao.org/string_decoder/download/string_decoder-1.1.1.tgz?cache=0&sync_timestamp=1565170823020&other_urls=https%3A%2F%2Fregistry.npm.taobao.org%2Fstring_decoder%2Fdownload%2Fstring_decoder-1.1.1.tgz",
      "integrity": "sha1-nPFhG6YmhdcDCunkujQUnDrwP8g=",
      "requires": {
        "safe-buffer": "~5.1.0"
      }
    },
    "tar-stream": {
      "version": "2.1.0",
      "resolved": "https://registry.npm.taobao.org/tar-stream/download/tar-stream-2.1.0.tgz",
      "integrity": "sha1-0aqjZh8Fs4tazJtwIO/cpReaLMM=",
      "requires": {
        "bl": "^3.0.0",
        "end-of-stream": "^1.4.1",
        "fs-constants": "^1.0.0",
        "inherits": "^2.0.3",
        "readable-stream": "^3.1.1"
      }
    },
    "util-deprecate": {
      "version": "1.0.2",
      "resolved": "https://registry.npm.taobao.org/util-deprecate/download/util-deprecate-1.0.2.tgz",
      "integrity": "sha1-RQ1Nyfpw3nMnYvvS1KKJgUGaDM8="
    },
    "wrappy": {
      "version": "1.0.2",
      "resolved": "https://registry.npm.taobao.org/wrappy/download/wrappy-1.0.2.tgz",
      "integrity": "sha1-tSQ9jz7BqjXxNkYFvA0QNuMKtp8="
    },
    "xlsx": {
      "version": "0.15.5",
      "resolved": "https://registry.npm.taobao.org/xlsx/download/xlsx-0.15.5.tgz",
      "integrity": "sha1-N9W7gHbeczfluwdps61V0Y1o6uw=",
      "requires": {
        "adler-32": "~1.2.0",
        "cfb": "^1.1.3",
        "codepage": "~1.14.0",
        "commander": "~2.17.1",
        "crc-32": "~1.2.0",
        "exit-on-epipe": "~1.0.1",
        "ssf": "~0.10.2"
      }
    },
    "zip-stream": {
      "version": "2.1.3",
      "resolved": "https://registry.npm.taobao.org/zip-stream/download/zip-stream-2.1.3.tgz",
      "integrity": "sha1-JsxL25NkGoWQ3QcRLh93rxdYhls=",
      "requires": {
        "archiver-utils": "^2.1.0",
        "compress-commons": "^2.1.1",
        "readable-stream": "^3.4.0"
      }
    }
  }
}
